
Microsoft Visual Studio Solution File, Format Version 12.00
# Visual Studio Version 17
VisualStudioVersion = 17.0.31919.166
MinimumVisualStudioVersion = 10.0.40219.1
Project("{2150E333-8FDC-42A3-9474-1A3956D46DE8}") = "Logging", "Logging", "{B6F8B144-59CC-4D87-AAB8-D6BADC0FA8C6}"
EndProject
Project("{9A19103F-16F7-4668-BE54-9A1E7A4F7556}") = "ServiceA", "ServiceA\ServiceA.csproj", "{B01BA57A-955F-4BC0-9948-32F9B1FFFA28}"
EndProject
Project("{9A19103F-16F7-4668-BE54-9A1E7A4F7556}") = "ServiceB", "ServiceB\ServiceB.csproj", "{0348B2C1-97E1-49F0-AB7D-9834F03996EB}"
EndProject
Project("{2150E333-8FDC-42A3-9474-1A3956D46DE8}") = "Caching", "Caching", "{51AF34B8-26F2-4E18-800D-A8DDCFBF58B0}"
EndProject
Project("{9A19103F-16F7-4668-BE54-9A1E7A4F7556}") = "SampleCaching", "SampleCaching\SampleCaching.csproj", "{1C1C0214-E525-44B9-98BD-4FB60739A6CB}"
EndProject
Project("{2150E333-8FDC-42A3-9474-1A3956D46DE8}") = "Communication", "Communication", "{064F89B9-A0E4-404B-97C8-73049CFF38F6}"
EndProject
Project("{2150E333-8FDC-42A3-9474-1A3956D46DE8}") = "Sync", "Sync", "{9C01F7B1-35E4-4970-B2A2-F01F8760705B}"
EndProject
Project("{2150E333-8FDC-42A3-9474-1A3956D46DE8}") = "Grpc", "Grpc", "{B984552E-1F75-4835-844A-3BAF61E8D99F}"
EndProject
Project("{2150E333-8FDC-42A3-9474-1A3956D46DE8}") = "Protos", "Protos", "{24A2A256-89FF-465A-BBDA-0673B3C6B6BD}"
	ProjectSection(SolutionItems) = preProject
		FileStraming.proto = FileStraming.proto
	EndProjectSection
EndProject
Project("{9A19103F-16F7-4668-BE54-9A1E7A4F7556}") = "GrpcServer", "GrpcServer\GrpcServer.csproj", "{E9A081FC-5E9A-4158-AB61-BB4E7B5B6B26}"
EndProject
Project("{9A19103F-16F7-4668-BE54-9A1E7A4F7556}") = "GrpcClient", "GrpcClient\GrpcClient.csproj", "{82CD205C-CBA2-435B-BAFD-29EB68A5AA93}"
EndProject
Project("{2150E333-8FDC-42A3-9474-1A3956D46DE8}") = "Async", "Async", "{1E079264-299D-459C-8DE5-6CC1F772FB7A}"
EndProject
Project("{9A19103F-16F7-4668-BE54-9A1E7A4F7556}") = "SaleServiceWorker", "SaleServiceWorker\SaleServiceWorker.csproj", "{1D876904-CFB9-4297-B04B-587E47900C80}"
EndProject
Project("{9A19103F-16F7-4668-BE54-9A1E7A4F7556}") = "InventoryServiceWorker", "InventoryServiceWorker\InventoryServiceWorker.csproj", "{EBAB2B8F-C21B-4F2E-B0F1-6DD29D896934}"
EndProject
Project("{D954291E-2A0B-460D-934E-DC6B0785DB48}") = "AsyncCommunication.Shared", "AsyncCommunication.Shared\AsyncCommunication.Shared.shproj", "{19563200-5689-4ED0-BCD7-3B00583EEF88}"
EndProject
Project("{2150E333-8FDC-42A3-9474-1A3956D46DE8}") = "Versioning", "Versioning", "{5D2BDD72-05D9-4CA0-B854-22FF4CB9535D}"
EndProject
Project("{FAE04EC0-301F-11D3-BF4B-00C04F79EFBC}") = "UserService", "UserService\UserService.csproj", "{C9DC6C77-706F-4528-9603-1C35BA2C98CE}"
EndProject
Project("{FAE04EC0-301F-11D3-BF4B-00C04F79EFBC}") = "PanelService", "PanelService\PanelService.csproj", "{67A224A0-63B3-4F3A-9114-7B83BD357418}"
EndProject
Global
	GlobalSection(SharedMSBuildProjectFiles) = preSolution
		AsyncCommunication.Shared\AsyncCommunication.Shared.projitems*{19563200-5689-4ed0-bcd7-3b00583eef88}*SharedItemsImports = 13
		AsyncCommunication.Shared\AsyncCommunication.Shared.projitems*{1d876904-cfb9-4297-b04b-587e47900c80}*SharedItemsImports = 5
		AsyncCommunication.Shared\AsyncCommunication.Shared.projitems*{ebab2b8f-c21b-4f2e-b0f1-6dd29d896934}*SharedItemsImports = 5
	EndGlobalSection
	GlobalSection(SolutionConfigurationPlatforms) = preSolution
		Debug|Any CPU = Debug|Any CPU
		Release|Any CPU = Release|Any CPU
	EndGlobalSection
	GlobalSection(ProjectConfigurationPlatforms) = postSolution
		{B01BA57A-955F-4BC0-9948-32F9B1FFFA28}.Debug|Any CPU.ActiveCfg = Debug|Any CPU
		{B01BA57A-955F-4BC0-9948-32F9B1FFFA28}.Debug|Any CPU.Build.0 = Debug|Any CPU
		{B01BA57A-955F-4BC0-9948-32F9B1FFFA28}.Release|Any CPU.ActiveCfg = Release|Any CPU
		{B01BA57A-955F-4BC0-9948-32F9B1FFFA28}.Release|Any CPU.Build.0 = Release|Any CPU
		{0348B2C1-97E1-49F0-AB7D-9834F03996EB}.Debug|Any CPU.ActiveCfg = Debug|Any CPU
		{0348B2C1-97E1-49F0-AB7D-9834F03996EB}.Debug|Any CPU.Build.0 = Debug|Any CPU
		{0348B2C1-97E1-49F0-AB7D-9834F03996EB}.Release|Any CPU.ActiveCfg = Release|Any CPU
		{0348B2C1-97E1-49F0-AB7D-9834F03996EB}.Release|Any CPU.Build.0 = Release|Any CPU
		{1C1C0214-E525-44B9-98BD-4FB60739A6CB}.Debug|Any CPU.ActiveCfg = Debug|Any CPU
		{1C1C0214-E525-44B9-98BD-4FB60739A6CB}.Debug|Any CPU.Build.0 = Debug|Any CPU
		{1C1C0214-E525-44B9-98BD-4FB60739A6CB}.Release|Any CPU.ActiveCfg = Release|Any CPU
		{1C1C0214-E525-44B9-98BD-4FB60739A6CB}.Release|Any CPU.Build.0 = Release|Any CPU
		{E9A081FC-5E9A-4158-AB61-BB4E7B5B6B26}.Debug|Any CPU.ActiveCfg = Debug|Any CPU
		{E9A081FC-5E9A-4158-AB61-BB4E7B5B6B26}.Debug|Any CPU.Build.0 = Debug|Any CPU
		{E9A081FC-5E9A-4158-AB61-BB4E7B5B6B26}.Release|Any CPU.ActiveCfg = Release|Any CPU
		{E9A081FC-5E9A-4158-AB61-BB4E7B5B6B26}.Release|Any CPU.Build.0 = Release|Any CPU
		{82CD205C-CBA2-435B-BAFD-29EB68A5AA93}.Debug|Any CPU.ActiveCfg = Debug|Any CPU
		{82CD205C-CBA2-435B-BAFD-29EB68A5AA93}.Debug|Any CPU.Build.0 = Debug|Any CPU
		{82CD205C-CBA2-435B-BAFD-29EB68A5AA93}.Release|Any CPU.ActiveCfg = Release|Any CPU
		{82CD205C-CBA2-435B-BAFD-29EB68A5AA93}.Release|Any CPU.Build.0 = Release|Any CPU
		{1D876904-CFB9-4297-B04B-587E47900C80}.Debug|Any CPU.ActiveCfg = Debug|Any CPU
		{1D876904-CFB9-4297-B04B-587E47900C80}.Debug|Any CPU.Build.0 = Debug|Any CPU
		{1D876904-CFB9-4297-B04B-587E47900C80}.Release|Any CPU.ActiveCfg = Release|Any CPU
		{1D876904-CFB9-4297-B04B-587E47900C80}.Release|Any CPU.Build.0 = Release|Any CPU
		{EBAB2B8F-C21B-4F2E-B0F1-6DD29D896934}.Debug|Any CPU.ActiveCfg = Debug|Any CPU
		{EBAB2B8F-C21B-4F2E-B0F1-6DD29D896934}.Debug|Any CPU.Build.0 = Debug|Any CPU
		{EBAB2B8F-C21B-4F2E-B0F1-6DD29D896934}.Release|Any CPU.ActiveCfg = Release|Any CPU
		{EBAB2B8F-C21B-4F2E-B0F1-6DD29D896934}.Release|Any CPU.Build.0 = Release|Any CPU
		{C9DC6C77-706F-4528-9603-1C35BA2C98CE}.Debug|Any CPU.ActiveCfg = Debug|Any CPU
		{C9DC6C77-706F-4528-9603-1C35BA2C98CE}.Debug|Any CPU.Build.0 = Debug|Any CPU
		{C9DC6C77-706F-4528-9603-1C35BA2C98CE}.Release|Any CPU.ActiveCfg = Release|Any CPU
		{C9DC6C77-706F-4528-9603-1C35BA2C98CE}.Release|Any CPU.Build.0 = Release|Any CPU
		{67A224A0-63B3-4F3A-9114-7B83BD357418}.Debug|Any CPU.ActiveCfg = Debug|Any CPU
		{67A224A0-63B3-4F3A-9114-7B83BD357418}.Debug|Any CPU.Build.0 = Debug|Any CPU
		{67A224A0-63B3-4F3A-9114-7B83BD357418}.Release|Any CPU.ActiveCfg = Release|Any CPU
		{67A224A0-63B3-4F3A-9114-7B83BD357418}.Release|Any CPU.Build.0 = Release|Any CPU
	EndGlobalSection
	GlobalSection(SolutionProperties) = preSolution
		HideSolutionNode = FALSE
	EndGlobalSection
	GlobalSection(NestedProjects) = preSolution
		{B01BA57A-955F-4BC0-9948-32F9B1FFFA28} = {B6F8B144-59CC-4D87-AAB8-D6BADC0FA8C6}
		{0348B2C1-97E1-49F0-AB7D-9834F03996EB} = {B6F8B144-59CC-4D87-AAB8-D6BADC0FA8C6}
		{1C1C0214-E525-44B9-98BD-4FB60739A6CB} = {51AF34B8-26F2-4E18-800D-A8DDCFBF58B0}
		{9C01F7B1-35E4-4970-B2A2-F01F8760705B} = {064F89B9-A0E4-404B-97C8-73049CFF38F6}
		{B984552E-1F75-4835-844A-3BAF61E8D99F} = {9C01F7B1-35E4-4970-B2A2-F01F8760705B}
		{24A2A256-89FF-465A-BBDA-0673B3C6B6BD} = {B984552E-1F75-4835-844A-3BAF61E8D99F}
		{E9A081FC-5E9A-4158-AB61-BB4E7B5B6B26} = {B984552E-1F75-4835-844A-3BAF61E8D99F}
		{82CD205C-CBA2-435B-BAFD-29EB68A5AA93} = {B984552E-1F75-4835-844A-3BAF61E8D99F}
		{1E079264-299D-459C-8DE5-6CC1F772FB7A} = {064F89B9-A0E4-404B-97C8-73049CFF38F6}
		{1D876904-CFB9-4297-B04B-587E47900C80} = {1E079264-299D-459C-8DE5-6CC1F772FB7A}
		{EBAB2B8F-C21B-4F2E-B0F1-6DD29D896934} = {1E079264-299D-459C-8DE5-6CC1F772FB7A}
		{19563200-5689-4ED0-BCD7-3B00583EEF88} = {1E079264-299D-459C-8DE5-6CC1F772FB7A}
		{C9DC6C77-706F-4528-9603-1C35BA2C98CE} = {5D2BDD72-05D9-4CA0-B854-22FF4CB9535D}
		{67A224A0-63B3-4F3A-9114-7B83BD357418} = {5D2BDD72-05D9-4CA0-B854-22FF4CB9535D}
	EndGlobalSection
	GlobalSection(ExtensibilityGlobals) = postSolution
		SolutionGuid = {B0F04790-859C-4D4F-B894-335E5A1AFB18}
	EndGlobalSection
EndGlobal
